{
  "version": 4,
  "terraform_version": "1.4.6",
  "serial": 213,
  "lineage": "9a76b424-8f64-8927-bebc-a3f81ffa33ea",
  "outputs": {
    "aws_instance_public_dns": {
      "value": "globo-web-alb-1776286782.us-east-1.elb.amazonaws.com",
      "type": "string"
    }
  },
  "resources": [
    {
      "mode": "data",
      "type": "aws_availability_zones",
      "name": "available",
      "provider": "provider[\"registry.terraform.io/hashicorp/aws\"]",
      "instances": [
        {
          "schema_version": 0,
          "attributes": {
            "all_availability_zones": null,
            "exclude_names": null,
            "exclude_zone_ids": null,
            "filter": null,
            "group_names": [
              "us-east-1"
            ],
            "id": "us-east-1",
            "names": [
              "us-east-1a",
              "us-east-1b",
              "us-east-1c",
              "us-east-1d",
              "us-east-1e",
              "us-east-1f"
            ],
            "state": "available",
            "zone_ids": [
              "use1-az6",
              "use1-az1",
              "use1-az2",
              "use1-az4",
              "use1-az3",
              "use1-az5"
            ]
          },
          "sensitive_attributes": []
        }
      ]
    },
    {
      "mode": "data",
      "type": "aws_elb_service_account",
      "name": "root",
      "provider": "provider[\"registry.terraform.io/hashicorp/aws\"]",
      "instances": [
        {
          "schema_version": 0,
          "attributes": {
            "arn": "arn:aws:iam::127311923021:root",
            "id": "127311923021",
            "region": null
          },
          "sensitive_attributes": []
        }
      ]
    },
    {
      "mode": "data",
      "type": "aws_ssm_parameter",
      "name": "ami",
      "provider": "provider[\"registry.terraform.io/hashicorp/aws\"]",
      "instances": [
        {
          "schema_version": 0,
          "attributes": {
            "arn": "arn:aws:ssm:us-east-1::parameter/aws/service/ami-amazon-linux-latest/amzn2-ami-hvm-x86_64-gp2",
            "id": "/aws/service/ami-amazon-linux-latest/amzn2-ami-hvm-x86_64-gp2",
            "name": "/aws/service/ami-amazon-linux-latest/amzn2-ami-hvm-x86_64-gp2",
            "type": "String",
            "value": "ami-0806bc468ce3a22ec",
            "version": 87,
            "with_decryption": true
          },
          "sensitive_attributes": []
        }
      ]
    },
    {
      "mode": "managed",
      "type": "aws_instance",
      "name": "nginx",
      "provider": "provider[\"registry.terraform.io/hashicorp/aws\"]",
      "instances": [
        {
          "index_key": 0,
          "schema_version": 1,
          "attributes": {
            "ami": "ami-0806bc468ce3a22ec",
            "arn": "arn:aws:ec2:us-east-1:753565437771:instance/i-0f4ad5e25a4d4a377",
            "associate_public_ip_address": true,
            "availability_zone": "us-east-1a",
            "capacity_reservation_specification": [
              {
                "capacity_reservation_preference": "open",
                "capacity_reservation_target": []
              }
            ],
            "cpu_core_count": 1,
            "cpu_threads_per_core": 1,
            "credit_specification": [
              {
                "cpu_credits": "standard"
              }
            ],
            "disable_api_termination": false,
            "ebs_block_device": [],
            "ebs_optimized": false,
            "enclave_options": [
              {
                "enabled": false
              }
            ],
            "ephemeral_block_device": [],
            "get_password_data": false,
            "hibernation": false,
            "host_id": null,
            "iam_instance_profile": "globoweb-dev-81257-nginx_profile",
            "id": "i-0f4ad5e25a4d4a377",
            "instance_initiated_shutdown_behavior": "stop",
            "instance_state": "running",
            "instance_type": "t2.micro",
            "ipv6_address_count": 0,
            "ipv6_addresses": [],
            "key_name": "",
            "launch_template": [],
            "metadata_options": [
              {
                "http_endpoint": "enabled",
                "http_put_response_hop_limit": 1,
                "http_tokens": "optional",
                "instance_metadata_tags": "disabled"
              }
            ],
            "monitoring": false,
            "network_interface": [],
            "outpost_arn": "",
            "password_data": "",
            "placement_group": "",
            "placement_partition_number": null,
            "primary_network_interface_id": "eni-0f1dd4d815bf820c8",
            "private_dns": "ip-10-0-0-94.ec2.internal",
            "private_ip": "10.0.0.94",
            "public_dns": "ec2-34-229-235-123.compute-1.amazonaws.com",
            "public_ip": "34.229.235.123",
            "root_block_device": [
              {
                "delete_on_termination": true,
                "device_name": "/dev/xvda",
                "encrypted": false,
                "iops": 100,
                "kms_key_id": "",
                "tags": {},
                "throughput": 0,
                "volume_id": "vol-0a5d2f22fc7be604d",
                "volume_size": 8,
                "volume_type": "gp2"
              }
            ],
            "secondary_private_ips": [],
            "security_groups": [],
            "source_dest_check": true,
            "subnet_id": "subnet-0d34ffb9c9c0f5ff6",
            "tags": {
              "Name": "globoweb-dev-nginx-0",
              "billing_code": "ACCT8675309",
              "company": "Globomantics",
              "project": "web-app-web-app"
            },
            "tags_all": {
              "Name": "globoweb-dev-nginx-0",
              "billing_code": "ACCT8675309",
              "company": "Globomantics",
              "project": "web-app-web-app"
            },
            "tenancy": "default",
            "timeouts": null,
            "user_data": "3d036cd0355c6414e0e4acaec7e5556ce2b510af",
            "user_data_base64": null,
            "volume_tags": null,
            "vpc_security_group_ids": [
              "sg-072fdae5fbd7e2774"
            ]
          },
          "sensitive_attributes": [],
          "private": "eyJlMmJmYjczMC1lY2FhLTExZTYtOGY4OC0zNDM2M2JjN2M0YzAiOnsiY3JlYXRlIjo2MDAwMDAwMDAwMDAsImRlbGV0ZSI6MTIwMDAwMDAwMDAwMCwidXBkYXRlIjo2MDAwMDAwMDAwMDB9LCJzY2hlbWFfdmVyc2lvbiI6IjEifQ==",
          "dependencies": [
            "aws_security_group.nginx-sg",
            "data.aws_availability_zones.available",
            "data.aws_elb_service_account.root",
            "data.aws_ssm_parameter.ami",
            "module.vpc.aws_subnet.public",
            "module.vpc.aws_vpc.this",
            "module.vpc.aws_vpc_ipv4_cidr_block_association.this",
            "module.web_app_s3.aws_iam_instance_profile.nginx_profile",
            "module.web_app_s3.aws_iam_role.allow_nginx_s3",
            "module.web_app_s3.aws_iam_role_policy.allow_s3_all",
            "module.web_app_s3.aws_s3_bucket.web_bucket",
            "random_integer.rand"
          ]
        },
        {
          "index_key": 1,
          "schema_version": 1,
          "attributes": {
            "ami": "ami-0806bc468ce3a22ec",
            "arn": "arn:aws:ec2:us-east-1:753565437771:instance/i-068bf1efb96b2aca7",
            "associate_public_ip_address": true,
            "availability_zone": "us-east-1b",
            "capacity_reservation_specification": [
              {
                "capacity_reservation_preference": "open",
                "capacity_reservation_target": []
              }
            ],
            "cpu_core_count": 1,
            "cpu_threads_per_core": 1,
            "credit_specification": [
              {
                "cpu_credits": "standard"
              }
            ],
            "disable_api_termination": false,
            "ebs_block_device": [],
            "ebs_optimized": false,
            "enclave_options": [
              {
                "enabled": false
              }
            ],
            "ephemeral_block_device": [],
            "get_password_data": false,
            "hibernation": false,
            "host_id": null,
            "iam_instance_profile": "globoweb-dev-81257-nginx_profile",
            "id": "i-068bf1efb96b2aca7",
            "instance_initiated_shutdown_behavior": "stop",
            "instance_state": "running",
            "instance_type": "t2.micro",
            "ipv6_address_count": 0,
            "ipv6_addresses": [],
            "key_name": "",
            "launch_template": [],
            "metadata_options": [
              {
                "http_endpoint": "enabled",
                "http_put_response_hop_limit": 1,
                "http_tokens": "optional",
                "instance_metadata_tags": "disabled"
              }
            ],
            "monitoring": false,
            "network_interface": [],
            "outpost_arn": "",
            "password_data": "",
            "placement_group": "",
            "placement_partition_number": null,
            "primary_network_interface_id": "eni-0e91788e5d447a228",
            "private_dns": "ip-10-0-1-204.ec2.internal",
            "private_ip": "10.0.1.204",
            "public_dns": "ec2-34-237-218-68.compute-1.amazonaws.com",
            "public_ip": "34.237.218.68",
            "root_block_device": [
              {
                "delete_on_termination": true,
                "device_name": "/dev/xvda",
                "encrypted": false,
                "iops": 100,
                "kms_key_id": "",
                "tags": {},
                "throughput": 0,
                "volume_id": "vol-0ac3c326767f11f64",
                "volume_size": 8,
                "volume_type": "gp2"
              }
            ],
            "secondary_private_ips": [],
            "security_groups": [],
            "source_dest_check": true,
            "subnet_id": "subnet-03167687d551ecb94",
            "tags": {
              "Name": "globoweb-dev-nginx-1",
              "billing_code": "ACCT8675309",
              "company": "Globomantics",
              "project": "web-app-web-app"
            },
            "tags_all": {
              "Name": "globoweb-dev-nginx-1",
              "billing_code": "ACCT8675309",
              "company": "Globomantics",
              "project": "web-app-web-app"
            },
            "tenancy": "default",
            "timeouts": null,
            "user_data": "3d036cd0355c6414e0e4acaec7e5556ce2b510af",
            "user_data_base64": null,
            "volume_tags": null,
            "vpc_security_group_ids": [
              "sg-072fdae5fbd7e2774"
            ]
          },
          "sensitive_attributes": [],
          "private": "eyJlMmJmYjczMC1lY2FhLTExZTYtOGY4OC0zNDM2M2JjN2M0YzAiOnsiY3JlYXRlIjo2MDAwMDAwMDAwMDAsImRlbGV0ZSI6MTIwMDAwMDAwMDAwMCwidXBkYXRlIjo2MDAwMDAwMDAwMDB9LCJzY2hlbWFfdmVyc2lvbiI6IjEifQ==",
          "dependencies": [
            "aws_security_group.nginx-sg",
            "data.aws_availability_zones.available",
            "data.aws_elb_service_account.root",
            "data.aws_ssm_parameter.ami",
            "module.vpc.aws_subnet.public",
            "module.vpc.aws_vpc.this",
            "module.vpc.aws_vpc_ipv4_cidr_block_association.this",
            "module.web_app_s3.aws_iam_instance_profile.nginx_profile",
            "module.web_app_s3.aws_iam_role.allow_nginx_s3",
            "module.web_app_s3.aws_iam_role_policy.allow_s3_all",
            "module.web_app_s3.aws_s3_bucket.web_bucket",
            "random_integer.rand"
          ]
        }
      ]
    },
    {
      "mode": "managed",
      "type": "aws_lb",
      "name": "nginx",
      "provider": "provider[\"registry.terraform.io/hashicorp/aws\"]",
      "instances": [
        {
          "schema_version": 0,
          "attributes": {
            "access_logs": [
              {
                "bucket": "globoweb-dev-81257",
                "enabled": true,
                "prefix": "alb-logs"
              }
            ],
            "arn": "arn:aws:elasticloadbalancing:us-east-1:753565437771:loadbalancer/app/globo-web-alb/29e815dda1ea9041",
            "arn_suffix": "app/globo-web-alb/29e815dda1ea9041",
            "customer_owned_ipv4_pool": "",
            "desync_mitigation_mode": "defensive",
            "dns_name": "globo-web-alb-1776286782.us-east-1.elb.amazonaws.com",
            "drop_invalid_header_fields": false,
            "enable_cross_zone_load_balancing": true,
            "enable_deletion_protection": false,
            "enable_http2": true,
            "enable_waf_fail_open": false,
            "id": "arn:aws:elasticloadbalancing:us-east-1:753565437771:loadbalancer/app/globo-web-alb/29e815dda1ea9041",
            "idle_timeout": 60,
            "internal": false,
            "ip_address_type": "ipv4",
            "load_balancer_type": "application",
            "name": "globo-web-alb",
            "name_prefix": null,
            "security_groups": [
              "sg-0d121e4cd27c68026"
            ],
            "subnet_mapping": [
              {
                "allocation_id": "",
                "ipv6_address": "",
                "outpost_id": "",
                "private_ipv4_address": "",
                "subnet_id": "subnet-03167687d551ecb94"
              },
              {
                "allocation_id": "",
                "ipv6_address": "",
                "outpost_id": "",
                "private_ipv4_address": "",
                "subnet_id": "subnet-0d34ffb9c9c0f5ff6"
              }
            ],
            "subnets": [
              "subnet-03167687d551ecb94",
              "subnet-0d34ffb9c9c0f5ff6"
            ],
            "tags": {
              "billing_code": "ACCT8675309",
              "company": "Globomantics",
              "project": "web-app-web-app"
            },
            "tags_all": {
              "billing_code": "ACCT8675309",
              "company": "Globomantics",
              "project": "web-app-web-app"
            },
            "timeouts": null,
            "vpc_id": "vpc-01f814effacab07e5",
            "zone_id": "Z35SXDOTRQ7X7K"
          },
          "sensitive_attributes": [],
          "private": "eyJlMmJmYjczMC1lY2FhLTExZTYtOGY4OC0zNDM2M2JjN2M0YzAiOnsiY3JlYXRlIjo2MDAwMDAwMDAwMDAsImRlbGV0ZSI6NjAwMDAwMDAwMDAwLCJ1cGRhdGUiOjYwMDAwMDAwMDAwMH19",
          "dependencies": [
            "aws_security_group.alb_sg",
            "data.aws_availability_zones.available",
            "data.aws_elb_service_account.root",
            "module.vpc.aws_subnet.public",
            "module.vpc.aws_vpc.this",
            "module.vpc.aws_vpc_ipv4_cidr_block_association.this",
            "module.web_app_s3.aws_s3_bucket.web_bucket",
            "random_integer.rand"
          ]
        }
      ]
    },
    {
      "mode": "managed",
      "type": "aws_lb_listener",
      "name": "nginx",
      "provider": "provider[\"registry.terraform.io/hashicorp/aws\"]",
      "instances": [
        {
          "schema_version": 0,
          "attributes": {
            "alpn_policy": null,
            "arn": "arn:aws:elasticloadbalancing:us-east-1:753565437771:listener/app/globo-web-alb/29e815dda1ea9041/e999507fb0e945cc",
            "certificate_arn": null,
            "default_action": [
              {
                "authenticate_cognito": [],
                "authenticate_oidc": [],
                "fixed_response": [],
                "forward": [],
                "order": 1,
                "redirect": [],
                "target_group_arn": "arn:aws:elasticloadbalancing:us-east-1:753565437771:targetgroup/globoweb-dev-alb-tg/2abd522333224f0a",
                "type": "forward"
              }
            ],
            "id": "arn:aws:elasticloadbalancing:us-east-1:753565437771:listener/app/globo-web-alb/29e815dda1ea9041/e999507fb0e945cc",
            "load_balancer_arn": "arn:aws:elasticloadbalancing:us-east-1:753565437771:loadbalancer/app/globo-web-alb/29e815dda1ea9041",
            "port": 80,
            "protocol": "HTTP",
            "ssl_policy": "",
            "tags": {
              "billing_code": "ACCT8675309",
              "company": "Globomantics",
              "project": "web-app-web-app"
            },
            "tags_all": {
              "billing_code": "ACCT8675309",
              "company": "Globomantics",
              "project": "web-app-web-app"
            },
            "timeouts": null
          },
          "sensitive_attributes": [],
          "private": "eyJlMmJmYjczMC1lY2FhLTExZTYtOGY4OC0zNDM2M2JjN2M0YzAiOnsicmVhZCI6NjAwMDAwMDAwMDAwfX0=",
          "dependencies": [
            "aws_lb.nginx",
            "aws_lb_target_group.nginx",
            "aws_security_group.alb_sg",
            "data.aws_availability_zones.available",
            "data.aws_elb_service_account.root",
            "module.vpc.aws_subnet.public",
            "module.vpc.aws_vpc.this",
            "module.vpc.aws_vpc_ipv4_cidr_block_association.this",
            "module.web_app_s3.aws_s3_bucket.web_bucket",
            "random_integer.rand"
          ]
        }
      ]
    },
    {
      "mode": "managed",
      "type": "aws_lb_target_group",
      "name": "nginx",
      "provider": "provider[\"registry.terraform.io/hashicorp/aws\"]",
      "instances": [
        {
          "schema_version": 0,
          "attributes": {
            "arn": "arn:aws:elasticloadbalancing:us-east-1:753565437771:targetgroup/globoweb-dev-alb-tg/2abd522333224f0a",
            "arn_suffix": "targetgroup/globoweb-dev-alb-tg/2abd522333224f0a",
            "connection_termination": false,
            "deregistration_delay": "300",
            "health_check": [
              {
                "enabled": true,
                "healthy_threshold": 5,
                "interval": 30,
                "matcher": "200",
                "path": "/",
                "port": "traffic-port",
                "protocol": "HTTP",
                "timeout": 5,
                "unhealthy_threshold": 2
              }
            ],
            "id": "arn:aws:elasticloadbalancing:us-east-1:753565437771:targetgroup/globoweb-dev-alb-tg/2abd522333224f0a",
            "lambda_multi_value_headers_enabled": false,
            "load_balancing_algorithm_type": "round_robin",
            "name": "globoweb-dev-alb-tg",
            "name_prefix": null,
            "port": 80,
            "preserve_client_ip": null,
            "protocol": "HTTP",
            "protocol_version": "HTTP1",
            "proxy_protocol_v2": false,
            "slow_start": 0,
            "stickiness": [
              {
                "cookie_duration": 86400,
                "cookie_name": "",
                "enabled": false,
                "type": "lb_cookie"
              }
            ],
            "tags": null,
            "tags_all": {},
            "target_type": "instance",
            "vpc_id": "vpc-01f814effacab07e5"
          },
          "sensitive_attributes": [],
          "private": "bnVsbA==",
          "dependencies": [
            "module.vpc.aws_vpc.this"
          ]
        }
      ]
    },
    {
      "mode": "managed",
      "type": "aws_lb_target_group_attachment",
      "name": "nginx1",
      "provider": "provider[\"registry.terraform.io/hashicorp/aws\"]",
      "instances": [
        {
          "index_key": 0,
          "schema_version": 0,
          "attributes": {
            "availability_zone": null,
            "id": "arn:aws:elasticloadbalancing:us-east-1:753565437771:targetgroup/globoweb-dev-alb-tg/2abd522333224f0a-20230528233345486400000001",
            "port": 80,
            "target_group_arn": "arn:aws:elasticloadbalancing:us-east-1:753565437771:targetgroup/globoweb-dev-alb-tg/2abd522333224f0a",
            "target_id": "i-0f4ad5e25a4d4a377"
          },
          "sensitive_attributes": [],
          "private": "bnVsbA==",
          "dependencies": [
            "aws_instance.nginx",
            "aws_lb_target_group.nginx",
            "aws_security_group.nginx-sg",
            "data.aws_availability_zones.available",
            "data.aws_elb_service_account.root",
            "data.aws_ssm_parameter.ami",
            "module.vpc.aws_subnet.public",
            "module.vpc.aws_vpc.this",
            "module.vpc.aws_vpc_ipv4_cidr_block_association.this",
            "module.web_app_s3.aws_iam_instance_profile.nginx_profile",
            "module.web_app_s3.aws_iam_role.allow_nginx_s3",
            "module.web_app_s3.aws_iam_role_policy.allow_s3_all",
            "module.web_app_s3.aws_s3_bucket.web_bucket",
            "random_integer.rand"
          ]
        },
        {
          "index_key": 1,
          "schema_version": 0,
          "attributes": {
            "availability_zone": null,
            "id": "arn:aws:elasticloadbalancing:us-east-1:753565437771:targetgroup/globoweb-dev-alb-tg/2abd522333224f0a-20230528233345535600000002",
            "port": 80,
            "target_group_arn": "arn:aws:elasticloadbalancing:us-east-1:753565437771:targetgroup/globoweb-dev-alb-tg/2abd522333224f0a",
            "target_id": "i-068bf1efb96b2aca7"
          },
          "sensitive_attributes": [],
          "private": "bnVsbA==",
          "dependencies": [
            "aws_instance.nginx",
            "aws_lb_target_group.nginx",
            "aws_security_group.nginx-sg",
            "data.aws_availability_zones.available",
            "data.aws_elb_service_account.root",
            "data.aws_ssm_parameter.ami",
            "module.vpc.aws_subnet.public",
            "module.vpc.aws_vpc.this",
            "module.vpc.aws_vpc_ipv4_cidr_block_association.this",
            "module.web_app_s3.aws_iam_instance_profile.nginx_profile",
            "module.web_app_s3.aws_iam_role.allow_nginx_s3",
            "module.web_app_s3.aws_iam_role_policy.allow_s3_all",
            "module.web_app_s3.aws_s3_bucket.web_bucket",
            "random_integer.rand"
          ]
        }
      ]
    },
    {
      "mode": "managed",
      "type": "aws_s3_bucket_object",
      "name": "website_content",
      "provider": "provider[\"registry.terraform.io/hashicorp/aws\"]",
      "instances": [
        {
          "index_key": "logo",
          "schema_version": 0,
          "attributes": {
            "acl": "private",
            "bucket": "globoweb-dev-81257",
            "bucket_key_enabled": false,
            "cache_control": "",
            "content": null,
            "content_base64": null,
            "content_disposition": "",
            "content_encoding": "",
            "content_language": "",
            "content_type": "binary/octet-stream",
            "etag": "e687fb69f04d709058ec93b505e8c8ee",
            "force_destroy": false,
            "id": "/website/Globo_logo_Vert.png",
            "key": "/website/Globo_logo_Vert.png",
            "kms_key_id": null,
            "metadata": null,
            "object_lock_legal_hold_status": "",
            "object_lock_mode": "",
            "object_lock_retain_until_date": "",
            "server_side_encryption": "AES256",
            "source": "./website/Globo_logo_Vert.png",
            "source_hash": null,
            "storage_class": "STANDARD",
            "tags": {
              "billing_code": "ACCT8675309",
              "company": "Globomantics",
              "project": "web-app-web-app"
            },
            "tags_all": {
              "billing_code": "ACCT8675309",
              "company": "Globomantics",
              "project": "web-app-web-app"
            },
            "version_id": "",
            "website_redirect": ""
          },
          "sensitive_attributes": [],
          "private": "bnVsbA==",
          "dependencies": [
            "data.aws_elb_service_account.root",
            "module.web_app_s3.aws_s3_bucket.web_bucket",
            "random_integer.rand"
          ]
        },
        {
          "index_key": "website",
          "schema_version": 0,
          "attributes": {
            "acl": "private",
            "bucket": "globoweb-dev-81257",
            "bucket_key_enabled": false,
            "cache_control": "",
            "content": null,
            "content_base64": null,
            "content_disposition": "",
            "content_encoding": "",
            "content_language": "",
            "content_type": "binary/octet-stream",
            "etag": "b7cab57ae12498c4604ef41b46bd074c",
            "force_destroy": false,
            "id": "/website/index.html",
            "key": "/website/index.html",
            "kms_key_id": null,
            "metadata": null,
            "object_lock_legal_hold_status": "",
            "object_lock_mode": "",
            "object_lock_retain_until_date": "",
            "server_side_encryption": "AES256",
            "source": "./website/index.html",
            "source_hash": null,
            "storage_class": "STANDARD",
            "tags": {
              "billing_code": "ACCT8675309",
              "company": "Globomantics",
              "project": "web-app-web-app"
            },
            "tags_all": {
              "billing_code": "ACCT8675309",
              "company": "Globomantics",
              "project": "web-app-web-app"
            },
            "version_id": "",
            "website_redirect": ""
          },
          "sensitive_attributes": [],
          "private": "bnVsbA==",
          "dependencies": [
            "data.aws_elb_service_account.root",
            "module.web_app_s3.aws_s3_bucket.web_bucket",
            "random_integer.rand"
          ]
        }
      ]
    },
    {
      "mode": "managed",
      "type": "aws_security_group",
      "name": "alb_sg",
      "provider": "provider[\"registry.terraform.io/hashicorp/aws\"]",
      "instances": [
        {
          "schema_version": 1,
          "attributes": {
            "arn": "arn:aws:ec2:us-east-1:753565437771:security-group/sg-0d121e4cd27c68026",
            "description": "Managed by Terraform",
            "egress": [
              {
                "cidr_blocks": [
                  "0.0.0.0/0"
                ],
                "description": "",
                "from_port": 0,
                "ipv6_cidr_blocks": [],
                "prefix_list_ids": [],
                "protocol": "-1",
                "security_groups": [],
                "self": false,
                "to_port": 0
              }
            ],
            "id": "sg-0d121e4cd27c68026",
            "ingress": [
              {
                "cidr_blocks": [
                  "0.0.0.0/0"
                ],
                "description": "",
                "from_port": 80,
                "ipv6_cidr_blocks": [],
                "prefix_list_ids": [],
                "protocol": "tcp",
                "security_groups": [],
                "self": false,
                "to_port": 80
              }
            ],
            "name": "globoweb-dev-nginx_alb_sg",
            "name_prefix": "",
            "owner_id": "753565437771",
            "revoke_rules_on_delete": false,
            "tags": {
              "billing_code": "ACCT8675309",
              "company": "Globomantics",
              "project": "web-app-web-app"
            },
            "tags_all": {
              "billing_code": "ACCT8675309",
              "company": "Globomantics",
              "project": "web-app-web-app"
            },
            "timeouts": null,
            "vpc_id": "vpc-01f814effacab07e5"
          },
          "sensitive_attributes": [],
          "private": "eyJlMmJmYjczMC1lY2FhLTExZTYtOGY4OC0zNDM2M2JjN2M0YzAiOnsiY3JlYXRlIjo2MDAwMDAwMDAwMDAsImRlbGV0ZSI6OTAwMDAwMDAwMDAwfSwic2NoZW1hX3ZlcnNpb24iOiIxIn0=",
          "dependencies": [
            "module.vpc.aws_vpc.this"
          ]
        }
      ]
    },
    {
      "mode": "managed",
      "type": "aws_security_group",
      "name": "nginx-sg",
      "provider": "provider[\"registry.terraform.io/hashicorp/aws\"]",
      "instances": [
        {
          "schema_version": 1,
          "attributes": {
            "arn": "arn:aws:ec2:us-east-1:753565437771:security-group/sg-072fdae5fbd7e2774",
            "description": "Managed by Terraform",
            "egress": [
              {
                "cidr_blocks": [
                  "0.0.0.0/0"
                ],
                "description": "",
                "from_port": 0,
                "ipv6_cidr_blocks": [],
                "prefix_list_ids": [],
                "protocol": "-1",
                "security_groups": [],
                "self": false,
                "to_port": 0
              }
            ],
            "id": "sg-072fdae5fbd7e2774",
            "ingress": [
              {
                "cidr_blocks": [
                  "10.0.0.0/16"
                ],
                "description": "",
                "from_port": 80,
                "ipv6_cidr_blocks": [],
                "prefix_list_ids": [],
                "protocol": "tcp",
                "security_groups": [],
                "self": false,
                "to_port": 80
              }
            ],
            "name": "globoweb-dev-nginx_sg",
            "name_prefix": "",
            "owner_id": "753565437771",
            "revoke_rules_on_delete": false,
            "tags": {
              "billing_code": "ACCT8675309",
              "company": "Globomantics",
              "project": "web-app-web-app"
            },
            "tags_all": {
              "billing_code": "ACCT8675309",
              "company": "Globomantics",
              "project": "web-app-web-app"
            },
            "timeouts": null,
            "vpc_id": "vpc-01f814effacab07e5"
          },
          "sensitive_attributes": [],
          "private": "eyJlMmJmYjczMC1lY2FhLTExZTYtOGY4OC0zNDM2M2JjN2M0YzAiOnsiY3JlYXRlIjo2MDAwMDAwMDAwMDAsImRlbGV0ZSI6OTAwMDAwMDAwMDAwfSwic2NoZW1hX3ZlcnNpb24iOiIxIn0=",
          "dependencies": [
            "module.vpc.aws_vpc.this"
          ]
        }
      ]
    },
    {
      "mode": "managed",
      "type": "random_integer",
      "name": "rand",
      "provider": "provider[\"registry.terraform.io/hashicorp/random\"]",
      "instances": [
        {
          "schema_version": 0,
          "attributes": {
            "id": "81257",
            "keepers": null,
            "max": 99999,
            "min": 10000,
            "result": 81257,
            "seed": null
          },
          "sensitive_attributes": []
        }
      ]
    },
    {
      "module": "module.vpc",
      "mode": "managed",
      "type": "aws_internet_gateway",
      "name": "this",
      "provider": "provider[\"registry.terraform.io/hashicorp/aws\"]",
      "instances": [
        {
          "index_key": 0,
          "schema_version": 0,
          "attributes": {
            "arn": "arn:aws:ec2:us-east-1:753565437771:internet-gateway/igw-0748e68cea0f7ec85",
            "id": "igw-0748e68cea0f7ec85",
            "owner_id": "753565437771",
            "tags": {
              "Name": "globoweb-dev-vpc",
              "billing_code": "ACCT8675309",
              "company": "Globomantics",
              "project": "web-app-web-app"
            },
            "tags_all": {
              "Name": "globoweb-dev-vpc",
              "billing_code": "ACCT8675309",
              "company": "Globomantics",
              "project": "web-app-web-app"
            },
            "vpc_id": "vpc-01f814effacab07e5"
          },
          "sensitive_attributes": [],
          "private": "bnVsbA==",
          "dependencies": [
            "module.vpc.aws_vpc.this",
            "module.vpc.aws_vpc_ipv4_cidr_block_association.this"
          ]
        }
      ]
    },
    {
      "module": "module.vpc",
      "mode": "managed",
      "type": "aws_route",
      "name": "public_internet_gateway",
      "provider": "provider[\"registry.terraform.io/hashicorp/aws\"]",
      "instances": [
        {
          "index_key": 0,
          "schema_version": 0,
          "attributes": {
            "carrier_gateway_id": "",
            "destination_cidr_block": "0.0.0.0/0",
            "destination_ipv6_cidr_block": "",
            "destination_prefix_list_id": "",
            "egress_only_gateway_id": "",
            "gateway_id": "igw-0748e68cea0f7ec85",
            "id": "r-rtb-01f51e51aa843ba5c1080289494",
            "instance_id": "",
            "instance_owner_id": "",
            "local_gateway_id": "",
            "nat_gateway_id": "",
            "network_interface_id": "",
            "origin": "CreateRoute",
            "route_table_id": "rtb-01f51e51aa843ba5c",
            "state": "active",
            "timeouts": {
              "create": "5m",
              "delete": null,
              "update": null
            },
            "transit_gateway_id": "",
            "vpc_endpoint_id": "",
            "vpc_peering_connection_id": ""
          },
          "sensitive_attributes": [],
          "private": "eyJlMmJmYjczMC1lY2FhLTExZTYtOGY4OC0zNDM2M2JjN2M0YzAiOnsiY3JlYXRlIjozMDAwMDAwMDAwMDAsImRlbGV0ZSI6MzAwMDAwMDAwMDAwLCJ1cGRhdGUiOjEyMDAwMDAwMDAwMH19",
          "dependencies": [
            "module.vpc.aws_internet_gateway.this",
            "module.vpc.aws_route_table.public",
            "module.vpc.aws_vpc.this",
            "module.vpc.aws_vpc_ipv4_cidr_block_association.this"
          ]
        }
      ]
    },
    {
      "module": "module.vpc",
      "mode": "managed",
      "type": "aws_route_table",
      "name": "public",
      "provider": "provider[\"registry.terraform.io/hashicorp/aws\"]",
      "instances": [
        {
          "index_key": 0,
          "schema_version": 0,
          "attributes": {
            "arn": "arn:aws:ec2:us-east-1:753565437771:route-table/rtb-01f51e51aa843ba5c",
            "id": "rtb-01f51e51aa843ba5c",
            "owner_id": "753565437771",
            "propagating_vgws": [],
            "route": [],
            "tags": {
              "Name": "globoweb-dev-vpc",
              "billing_code": "ACCT8675309",
              "company": "Globomantics",
              "project": "web-app-web-app"
            },
            "tags_all": {
              "Name": "globoweb-dev-vpc",
              "billing_code": "ACCT8675309",
              "company": "Globomantics",
              "project": "web-app-web-app"
            },
            "timeouts": null,
            "vpc_id": "vpc-01f814effacab07e5"
          },
          "sensitive_attributes": [],
          "private": "eyJlMmJmYjczMC1lY2FhLTExZTYtOGY4OC0zNDM2M2JjN2M0YzAiOnsiY3JlYXRlIjozMDAwMDAwMDAwMDAsImRlbGV0ZSI6MzAwMDAwMDAwMDAwLCJ1cGRhdGUiOjEyMDAwMDAwMDAwMH19",
          "dependencies": [
            "module.vpc.aws_vpc.this",
            "module.vpc.aws_vpc_ipv4_cidr_block_association.this"
          ]
        }
      ]
    },
    {
      "module": "module.vpc",
      "mode": "managed",
      "type": "aws_route_table_association",
      "name": "public",
      "provider": "provider[\"registry.terraform.io/hashicorp/aws\"]",
      "instances": [
        {
          "index_key": 0,
          "schema_version": 0,
          "attributes": {
            "gateway_id": "",
            "id": "rtbassoc-0ffb4c22659a8acbc",
            "route_table_id": "rtb-01f51e51aa843ba5c",
            "subnet_id": "subnet-0d34ffb9c9c0f5ff6"
          },
          "sensitive_attributes": [],
          "private": "bnVsbA==",
          "dependencies": [
            "data.aws_availability_zones.available",
            "module.vpc.aws_route_table.public",
            "module.vpc.aws_subnet.public",
            "module.vpc.aws_vpc.this",
            "module.vpc.aws_vpc_ipv4_cidr_block_association.this"
          ]
        },
        {
          "index_key": 1,
          "schema_version": 0,
          "attributes": {
            "gateway_id": "",
            "id": "rtbassoc-035cd8259eb6b4865",
            "route_table_id": "rtb-01f51e51aa843ba5c",
            "subnet_id": "subnet-03167687d551ecb94"
          },
          "sensitive_attributes": [],
          "private": "bnVsbA==",
          "dependencies": [
            "data.aws_availability_zones.available",
            "module.vpc.aws_route_table.public",
            "module.vpc.aws_subnet.public",
            "module.vpc.aws_vpc.this",
            "module.vpc.aws_vpc_ipv4_cidr_block_association.this"
          ]
        }
      ]
    },
    {
      "module": "module.vpc",
      "mode": "managed",
      "type": "aws_subnet",
      "name": "public",
      "provider": "provider[\"registry.terraform.io/hashicorp/aws\"]",
      "instances": [
        {
          "index_key": 0,
          "schema_version": 1,
          "attributes": {
            "arn": "arn:aws:ec2:us-east-1:753565437771:subnet/subnet-0d34ffb9c9c0f5ff6",
            "assign_ipv6_address_on_creation": false,
            "availability_zone": "us-east-1a",
            "availability_zone_id": "use1-az6",
            "cidr_block": "10.0.0.0/24",
            "customer_owned_ipv4_pool": "",
            "enable_dns64": false,
            "enable_resource_name_dns_a_record_on_launch": false,
            "enable_resource_name_dns_aaaa_record_on_launch": false,
            "id": "subnet-0d34ffb9c9c0f5ff6",
            "ipv6_cidr_block": "",
            "ipv6_cidr_block_association_id": "",
            "ipv6_native": false,
            "map_customer_owned_ip_on_launch": false,
            "map_public_ip_on_launch": true,
            "outpost_arn": "",
            "owner_id": "753565437771",
            "private_dns_hostname_type_on_launch": "ip-name",
            "tags": {
              "Name": "globoweb-dev-vpc",
              "billing_code": "ACCT8675309",
              "company": "Globomantics",
              "project": "web-app-web-app"
            },
            "tags_all": {
              "Name": "globoweb-dev-vpc",
              "billing_code": "ACCT8675309",
              "company": "Globomantics",
              "project": "web-app-web-app"
            },
            "timeouts": null,
            "vpc_id": "vpc-01f814effacab07e5"
          },
          "sensitive_attributes": [],
          "private": "eyJlMmJmYjczMC1lY2FhLTExZTYtOGY4OC0zNDM2M2JjN2M0YzAiOnsiY3JlYXRlIjo2MDAwMDAwMDAwMDAsImRlbGV0ZSI6MTIwMDAwMDAwMDAwMH0sInNjaGVtYV92ZXJzaW9uIjoiMSJ9",
          "dependencies": [
            "data.aws_availability_zones.available",
            "module.vpc.aws_vpc.this",
            "module.vpc.aws_vpc_ipv4_cidr_block_association.this"
          ]
        },
        {
          "index_key": 1,
          "schema_version": 1,
          "attributes": {
            "arn": "arn:aws:ec2:us-east-1:753565437771:subnet/subnet-03167687d551ecb94",
            "assign_ipv6_address_on_creation": false,
            "availability_zone": "us-east-1b",
            "availability_zone_id": "use1-az1",
            "cidr_block": "10.0.1.0/24",
            "customer_owned_ipv4_pool": "",
            "enable_dns64": false,
            "enable_resource_name_dns_a_record_on_launch": false,
            "enable_resource_name_dns_aaaa_record_on_launch": false,
            "id": "subnet-03167687d551ecb94",
            "ipv6_cidr_block": "",
            "ipv6_cidr_block_association_id": "",
            "ipv6_native": false,
            "map_customer_owned_ip_on_launch": false,
            "map_public_ip_on_launch": true,
            "outpost_arn": "",
            "owner_id": "753565437771",
            "private_dns_hostname_type_on_launch": "ip-name",
            "tags": {
              "Name": "globoweb-dev-vpc",
              "billing_code": "ACCT8675309",
              "company": "Globomantics",
              "project": "web-app-web-app"
            },
            "tags_all": {
              "Name": "globoweb-dev-vpc",
              "billing_code": "ACCT8675309",
              "company": "Globomantics",
              "project": "web-app-web-app"
            },
            "timeouts": null,
            "vpc_id": "vpc-01f814effacab07e5"
          },
          "sensitive_attributes": [],
          "private": "eyJlMmJmYjczMC1lY2FhLTExZTYtOGY4OC0zNDM2M2JjN2M0YzAiOnsiY3JlYXRlIjo2MDAwMDAwMDAwMDAsImRlbGV0ZSI6MTIwMDAwMDAwMDAwMH0sInNjaGVtYV92ZXJzaW9uIjoiMSJ9",
          "dependencies": [
            "data.aws_availability_zones.available",
            "module.vpc.aws_vpc.this",
            "module.vpc.aws_vpc_ipv4_cidr_block_association.this"
          ]
        }
      ]
    },
    {
      "module": "module.vpc",
      "mode": "managed",
      "type": "aws_vpc",
      "name": "this",
      "provider": "provider[\"registry.terraform.io/hashicorp/aws\"]",
      "instances": [
        {
          "index_key": 0,
          "schema_version": 1,
          "attributes": {
            "arn": "arn:aws:ec2:us-east-1:753565437771:vpc/vpc-01f814effacab07e5",
            "assign_generated_ipv6_cidr_block": false,
            "cidr_block": "10.0.0.0/16",
            "default_network_acl_id": "acl-0f44cb91c46c62ba0",
            "default_route_table_id": "rtb-07a9c9a76dc55bfa3",
            "default_security_group_id": "sg-03809ed60a31a13d0",
            "dhcp_options_id": "dopt-0d0d7a51b8af4f852",
            "enable_classiclink": false,
            "enable_classiclink_dns_support": false,
            "enable_dns_hostnames": true,
            "enable_dns_support": true,
            "id": "vpc-01f814effacab07e5",
            "instance_tenancy": "default",
            "ipv4_ipam_pool_id": null,
            "ipv4_netmask_length": null,
            "ipv6_association_id": "",
            "ipv6_cidr_block": "",
            "ipv6_cidr_block_network_border_group": "",
            "ipv6_ipam_pool_id": "",
            "ipv6_netmask_length": 0,
            "main_route_table_id": "rtb-07a9c9a76dc55bfa3",
            "owner_id": "753565437771",
            "tags": {
              "Name": "globoweb-dev-vpc",
              "billing_code": "ACCT8675309",
              "company": "Globomantics",
              "project": "web-app-web-app"
            },
            "tags_all": {
              "Name": "globoweb-dev-vpc",
              "billing_code": "ACCT8675309",
              "company": "Globomantics",
              "project": "web-app-web-app"
            }
          },
          "sensitive_attributes": [],
          "private": "eyJzY2hlbWFfdmVyc2lvbiI6IjEifQ=="
        }
      ]
    },
    {
      "module": "module.web_app_s3",
      "mode": "managed",
      "type": "aws_iam_instance_profile",
      "name": "nginx_profile",
      "provider": "provider[\"registry.terraform.io/hashicorp/aws\"]",
      "instances": [
        {
          "schema_version": 0,
          "attributes": {
            "arn": "arn:aws:iam::753565437771:instance-profile/globoweb-dev-81257-nginx_profile",
            "create_date": "2023-05-28T23:32:46Z",
            "id": "globoweb-dev-81257-nginx_profile",
            "name": "globoweb-dev-81257-nginx_profile",
            "name_prefix": null,
            "path": "/",
            "role": "globoweb-dev-81257-allow_nginx_s3",
            "tags": {
              "billing_code": "ACCT8675309",
              "company": "Globomantics",
              "project": "web-app-web-app"
            },
            "tags_all": {
              "billing_code": "ACCT8675309",
              "company": "Globomantics",
              "project": "web-app-web-app"
            },
            "unique_id": "AIPA265AAB5FROU5ORYN5"
          },
          "sensitive_attributes": [],
          "private": "bnVsbA==",
          "dependencies": [
            "module.web_app_s3.aws_iam_role.allow_nginx_s3",
            "random_integer.rand"
          ]
        }
      ]
    },
    {
      "module": "module.web_app_s3",
      "mode": "managed",
      "type": "aws_iam_role",
      "name": "allow_nginx_s3",
      "provider": "provider[\"registry.terraform.io/hashicorp/aws\"]",
      "instances": [
        {
          "schema_version": 0,
          "attributes": {
            "arn": "arn:aws:iam::753565437771:role/globoweb-dev-81257-allow_nginx_s3",
            "assume_role_policy": "{\"Version\":\"2012-10-17\",\"Statement\":[{\"Sid\":\"\",\"Effect\":\"Allow\",\"Principal\":{\"Service\":\"ec2.amazonaws.com\"},\"Action\":\"sts:AssumeRole\"}]}",
            "create_date": "2023-05-28T23:32:45Z",
            "description": "",
            "force_detach_policies": false,
            "id": "globoweb-dev-81257-allow_nginx_s3",
            "inline_policy": [
              {
                "name": "",
                "policy": ""
              }
            ],
            "managed_policy_arns": [],
            "max_session_duration": 3600,
            "name": "globoweb-dev-81257-allow_nginx_s3",
            "name_prefix": "",
            "path": "/",
            "permissions_boundary": null,
            "tags": null,
            "tags_all": {},
            "unique_id": "AROA265AAB5F7E7ED7WO4"
          },
          "sensitive_attributes": [],
          "private": "bnVsbA==",
          "dependencies": [
            "random_integer.rand"
          ]
        }
      ]
    },
    {
      "module": "module.web_app_s3",
      "mode": "managed",
      "type": "aws_iam_role_policy",
      "name": "allow_s3_all",
      "provider": "provider[\"registry.terraform.io/hashicorp/aws\"]",
      "instances": [
        {
          "schema_version": 0,
          "attributes": {
            "id": "globoweb-dev-81257-allow_nginx_s3:globoweb-dev-81257-allow_s3_all",
            "name": "globoweb-dev-81257-allow_s3_all",
            "name_prefix": null,
            "policy": "{\r\n  \"Version\": \"2012-10-17\",\r\n  \"Statement\": [\r\n    {\r\n      \"Action\": [\r\n        \"s3:*\"\r\n      ],\r\n      \"Effect\": \"Allow\",\r\n      \"Resource\": [\r\n                \"arn:aws:s3:::globoweb-dev-81257\",\r\n                \"arn:aws:s3:::globoweb-dev-81257/*\"\r\n            ]\r\n    }\r\n  ]\r\n}\r\n",
            "role": "globoweb-dev-81257-allow_nginx_s3"
          },
          "sensitive_attributes": [],
          "private": "bnVsbA==",
          "dependencies": [
            "module.web_app_s3.aws_iam_role.allow_nginx_s3",
            "random_integer.rand"
          ]
        }
      ]
    },
    {
      "module": "module.web_app_s3",
      "mode": "managed",
      "type": "aws_s3_bucket",
      "name": "web_bucket",
      "provider": "provider[\"registry.terraform.io/hashicorp/aws\"]",
      "instances": [
        {
          "schema_version": 0,
          "attributes": {
            "acceleration_status": "",
            "acl": "private",
            "arn": "arn:aws:s3:::globoweb-dev-81257",
            "bucket": "globoweb-dev-81257",
            "bucket_domain_name": "globoweb-dev-81257.s3.amazonaws.com",
            "bucket_prefix": null,
            "bucket_regional_domain_name": "globoweb-dev-81257.s3.amazonaws.com",
            "cors_rule": [],
            "force_destroy": true,
            "grant": [],
            "hosted_zone_id": "Z3AQBSTGFYJSTF",
            "id": "globoweb-dev-81257",
            "lifecycle_rule": [],
            "logging": [],
            "object_lock_configuration": [],
            "object_lock_enabled": false,
            "policy": "{\"Statement\":[{\"Action\":\"s3:PutObject\",\"Effect\":\"Allow\",\"Principal\":{\"AWS\":\"arn:aws:iam::127311923021:root\"},\"Resource\":\"arn:aws:s3:::globoweb-dev-81257/alb-logs/*\"},{\"Action\":\"s3:PutObject\",\"Condition\":{\"StringEquals\":{\"s3:x-amz-acl\":\"bucket-owner-full-control\"}},\"Effect\":\"Allow\",\"Principal\":{\"Service\":\"delivery.logs.amazonaws.com\"},\"Resource\":\"arn:aws:s3:::globoweb-dev-81257/alb-logs/*\"},{\"Action\":\"s3:GetBucketAcl\",\"Effect\":\"Allow\",\"Principal\":{\"Service\":\"delivery.logs.amazonaws.com\"},\"Resource\":\"arn:aws:s3:::globoweb-dev-81257\"}],\"Version\":\"2012-10-17\"}",
            "region": "us-east-1",
            "replication_configuration": [],
            "request_payer": "BucketOwner",
            "server_side_encryption_configuration": [
              {
                "rule": [
                  {
                    "apply_server_side_encryption_by_default": [
                      {
                        "kms_master_key_id": "",
                        "sse_algorithm": "AES256"
                      }
                    ],
                    "bucket_key_enabled": false
                  }
                ]
              }
            ],
            "tags": null,
            "tags_all": {},
            "versioning": [
              {
                "enabled": false,
                "mfa_delete": false
              }
            ],
            "website": [],
            "website_domain": null,
            "website_endpoint": null
          },
          "sensitive_attributes": [],
          "private": "bnVsbA==",
          "dependencies": [
            "data.aws_elb_service_account.root",
            "random_integer.rand"
          ]
        }
      ]
    }
  ],
  "check_results": null
}
